// !$*UTF8*$!
{
	archiveVersion = 1;
	classes = {
	};
	objectVersion = 56;
	objects = {

/* Begin PBXBuildFile section */
		13B912842B89901900F0CBF0 /* questions_resource in Resources */ = {isa = PBXBuildFile; fileRef = 13B912832B89901900F0CBF0 /* questions_resource */; };
		13ECB12A2BBC6FA200963879 /* ThemesView.swift in Sources */ = {isa = PBXBuildFile; fileRef = 13ECB1292BBC6FA200963879 /* ThemesView.swift */; };
		13ECB12C2BBC700300963879 /* InstructionsView.swift in Sources */ = {isa = PBXBuildFile; fileRef = 13ECB12B2BBC700300963879 /* InstructionsView.swift */; };
		B015FD452B893B690031EA4E /* questionCreator.swift in Sources */ = {isa = PBXBuildFile; fileRef = B015FD442B893B690031EA4E /* questionCreator.swift */; };
		B015FD472B893B790031EA4E /* gamePlay.swift in Sources */ = {isa = PBXBuildFile; fileRef = B015FD462B893B790031EA4E /* gamePlay.swift */; };
		B015FD532B8C1E880031EA4E /* LinkViewToTree.swift in Sources */ = {isa = PBXBuildFile; fileRef = B015FD522B8C1E880031EA4E /* LinkViewToTree.swift */; };
		E8041EB82B76DFC6007D9750 /* PrimeButton .swift in Sources */ = {isa = PBXBuildFile; fileRef = E8041EB72B76DFC6007D9750 /* PrimeButton .swift */; };
		E8041EBD2B76EAC5007D9750 /* ProgressBar.swift in Sources */ = {isa = PBXBuildFile; fileRef = E8041EBC2B76EAC5007D9750 /* ProgressBar.swift */; };
		E8041EC32B76F2E6007D9750 /* AnswerModel.swift in Sources */ = {isa = PBXBuildFile; fileRef = E8041EC22B76F2E6007D9750 /* AnswerModel.swift */; };
		E8041EC52B76F368007D9750 /* AnswerRow .swift in Sources */ = {isa = PBXBuildFile; fileRef = E8041EC42B76F368007D9750 /* AnswerRow .swift */; };
		E8041ED12B7AF462007D9750 /* ContentView.swift in Sources */ = {isa = PBXBuildFile; fileRef = E8041ED02B7AF462007D9750 /* ContentView.swift */; };
		E880F2492BB26245005C61F7 /* IOSTests.swift in Sources */ = {isa = PBXBuildFile; fileRef = E8A3F04F2B72DE7E00ACA7C7 /* IOSTests.swift */; };
		E880F24C2BB26385005C61F7 /* InfiniteTrivia.swift in Sources */ = {isa = PBXBuildFile; fileRef = E880F24B2BB26385005C61F7 /* InfiniteTrivia.swift */; };
		E8A3F03D2B72DE7D00ACA7C7 /* IOSApp.swift in Sources */ = {isa = PBXBuildFile; fileRef = E8A3F03C2B72DE7D00ACA7C7 /* IOSApp.swift */; };
		E8A3F0412B72DE7D00ACA7C7 /* Item.swift in Sources */ = {isa = PBXBuildFile; fileRef = E8A3F0402B72DE7D00ACA7C7 /* Item.swift */; };
		E8A3F0432B72DE7E00ACA7C7 /* Assets.xcassets in Resources */ = {isa = PBXBuildFile; fileRef = E8A3F0422B72DE7E00ACA7C7 /* Assets.xcassets */; };
		E8A3F0462B72DE7E00ACA7C7 /* Preview Assets.xcassets in Resources */ = {isa = PBXBuildFile; fileRef = E8A3F0452B72DE7E00ACA7C7 /* Preview Assets.xcassets */; };
		E8A3F05A2B72DE7E00ACA7C7 /* IOSUITests.swift in Sources */ = {isa = PBXBuildFile; fileRef = E8A3F0592B72DE7E00ACA7C7 /* IOSUITests.swift */; };
		E8A3F05C2B72DE7E00ACA7C7 /* IOSUITestsLaunchTests.swift in Sources */ = {isa = PBXBuildFile; fileRef = E8A3F05B2B72DE7E00ACA7C7 /* IOSUITestsLaunchTests.swift */; };
		E8B77B582BAA16C300CDFDFE /* H2H Trivia Manager.swift in Sources */ = {isa = PBXBuildFile; fileRef = E8B77B572BAA16C300CDFDFE /* H2H Trivia Manager.swift */; };
		E8B77B5A2BAA16EA00CDFDFE /* H2H Trivia .swift in Sources */ = {isa = PBXBuildFile; fileRef = E8B77B592BAA16EA00CDFDFE /* H2H Trivia .swift */; };
/* End PBXBuildFile section */

/* Begin PBXContainerItemProxy section */
		E8A3F04C2B72DE7E00ACA7C7 /* PBXContainerItemProxy */ = {
			isa = PBXContainerItemProxy;
			containerPortal = E8A3F0312B72DE7D00ACA7C7 /* Project object */;
			proxyType = 1;
			remoteGlobalIDString = E8A3F0382B72DE7D00ACA7C7;
			remoteInfo = IOS;
		};
		E8A3F0562B72DE7E00ACA7C7 /* PBXContainerItemProxy */ = {
			isa = PBXContainerItemProxy;
			containerPortal = E8A3F0312B72DE7D00ACA7C7 /* Project object */;
			proxyType = 1;
			remoteGlobalIDString = E8A3F0382B72DE7D00ACA7C7;
			remoteInfo = IOS;
		};
/* End PBXContainerItemProxy section */

/* Begin PBXFileReference section */
		13B912832B89901900F0CBF0 /* questions_resource */ = {isa = PBXFileReference; lastKnownFileType = text; path = questions_resource; sourceTree = SOURCE_ROOT; };
		13ECB1292BBC6FA200963879 /* ThemesView.swift */ = {isa = PBXFileReference; lastKnownFileType = sourcecode.swift; path = ThemesView.swift; sourceTree = "<group>"; };
		13ECB12B2BBC700300963879 /* InstructionsView.swift */ = {isa = PBXFileReference; lastKnownFileType = sourcecode.swift; path = InstructionsView.swift; sourceTree = "<group>"; };
		B015FD442B893B690031EA4E /* questionCreator.swift */ = {isa = PBXFileReference; fileEncoding = 4; lastKnownFileType = sourcecode.swift; path = questionCreator.swift; sourceTree = SOURCE_ROOT; };
		B015FD462B893B790031EA4E /* gamePlay.swift */ = {isa = PBXFileReference; fileEncoding = 4; lastKnownFileType = sourcecode.swift; path = gamePlay.swift; sourceTree = SOURCE_ROOT; };
		B015FD522B8C1E880031EA4E /* LinkViewToTree.swift */ = {isa = PBXFileReference; lastKnownFileType = sourcecode.swift; path = LinkViewToTree.swift; sourceTree = "<group>"; };
		E8041EB72B76DFC6007D9750 /* PrimeButton .swift */ = {isa = PBXFileReference; lastKnownFileType = sourcecode.swift; path = "PrimeButton .swift"; sourceTree = "<group>"; };
		E8041EBC2B76EAC5007D9750 /* ProgressBar.swift */ = {isa = PBXFileReference; lastKnownFileType = sourcecode.swift; path = ProgressBar.swift; sourceTree = "<group>"; };
		E8041EC22B76F2E6007D9750 /* AnswerModel.swift */ = {isa = PBXFileReference; lastKnownFileType = sourcecode.swift; path = AnswerModel.swift; sourceTree = "<group>"; };
		E8041EC42B76F368007D9750 /* AnswerRow .swift */ = {isa = PBXFileReference; lastKnownFileType = sourcecode.swift; path = "AnswerRow .swift"; sourceTree = "<group>"; };
		E8041ED02B7AF462007D9750 /* ContentView.swift */ = {isa = PBXFileReference; lastKnownFileType = sourcecode.swift; path = ContentView.swift; sourceTree = SOURCE_ROOT; };
		E880F24B2BB26385005C61F7 /* InfiniteTrivia.swift */ = {isa = PBXFileReference; lastKnownFileType = sourcecode.swift; path = InfiniteTrivia.swift; sourceTree = "<group>"; };
		E8A3F0392B72DE7D00ACA7C7 /* TriviYeah!.app */ = {isa = PBXFileReference; explicitFileType = wrapper.application; includeInIndex = 0; path = "TriviYeah!.app"; sourceTree = BUILT_PRODUCTS_DIR; };
		E8A3F03C2B72DE7D00ACA7C7 /* IOSApp.swift */ = {isa = PBXFileReference; lastKnownFileType = sourcecode.swift; path = IOSApp.swift; sourceTree = "<group>"; };
		E8A3F0402B72DE7D00ACA7C7 /* Item.swift */ = {isa = PBXFileReference; lastKnownFileType = sourcecode.swift; path = Item.swift; sourceTree = "<group>"; };
		E8A3F0422B72DE7E00ACA7C7 /* Assets.xcassets */ = {isa = PBXFileReference; lastKnownFileType = folder.assetcatalog; path = Assets.xcassets; sourceTree = "<group>"; };
		E8A3F0452B72DE7E00ACA7C7 /* Preview Assets.xcassets */ = {isa = PBXFileReference; lastKnownFileType = folder.assetcatalog; path = "Preview Assets.xcassets"; sourceTree = "<group>"; };
		E8A3F04B2B72DE7E00ACA7C7 /* TriviYeah!Tests.xctest */ = {isa = PBXFileReference; explicitFileType = wrapper.cfbundle; includeInIndex = 0; path = "TriviYeah!Tests.xctest"; sourceTree = BUILT_PRODUCTS_DIR; };
		E8A3F04F2B72DE7E00ACA7C7 /* IOSTests.swift */ = {isa = PBXFileReference; lastKnownFileType = sourcecode.swift; path = IOSTests.swift; sourceTree = "<group>"; };
		E8A3F0552B72DE7E00ACA7C7 /* TriviYeah!UITests.xctest */ = {isa = PBXFileReference; explicitFileType = wrapper.cfbundle; includeInIndex = 0; path = "TriviYeah!UITests.xctest"; sourceTree = BUILT_PRODUCTS_DIR; };
		E8A3F0592B72DE7E00ACA7C7 /* IOSUITests.swift */ = {isa = PBXFileReference; lastKnownFileType = sourcecode.swift; path = IOSUITests.swift; sourceTree = "<group>"; };
		E8A3F05B2B72DE7E00ACA7C7 /* IOSUITestsLaunchTests.swift */ = {isa = PBXFileReference; lastKnownFileType = sourcecode.swift; path = IOSUITestsLaunchTests.swift; sourceTree = "<group>"; };
		E8B77B572BAA16C300CDFDFE /* H2H Trivia Manager.swift */ = {isa = PBXFileReference; lastKnownFileType = sourcecode.swift; path = "H2H Trivia Manager.swift"; sourceTree = "<group>"; };
		E8B77B592BAA16EA00CDFDFE /* H2H Trivia .swift */ = {isa = PBXFileReference; lastKnownFileType = sourcecode.swift; path = "H2H Trivia .swift"; sourceTree = "<group>"; };
/* End PBXFileReference section */

/* Begin PBXFrameworksBuildPhase section */
		E8A3F0362B72DE7D00ACA7C7 /* Frameworks */ = {
			isa = PBXFrameworksBuildPhase;
			buildActionMask = 2147483647;
			files = (
			);
			runOnlyForDeploymentPostprocessing = 0;
		};
		E8A3F0482B72DE7E00ACA7C7 /* Frameworks */ = {
			isa = PBXFrameworksBuildPhase;
			buildActionMask = 2147483647;
			files = (
			);
			runOnlyForDeploymentPostprocessing = 0;
		};
		E8A3F0522B72DE7E00ACA7C7 /* Frameworks */ = {
			isa = PBXFrameworksBuildPhase;
			buildActionMask = 2147483647;
			files = (
			);
			runOnlyForDeploymentPostprocessing = 0;
		};
/* End PBXFrameworksBuildPhase section */

/* Begin PBXGroup section */
		E8041EB62B76DF7B007D9750 /* Components  */ = {
			isa = PBXGroup;
			children = (
				E8041EB72B76DFC6007D9750 /* PrimeButton .swift */,
				E8041EBC2B76EAC5007D9750 /* ProgressBar.swift */,
				E8041EC42B76F368007D9750 /* AnswerRow .swift */,
			);
			path = "Components ";
			sourceTree = "<group>";
		};
		E8041EB92B76E272007D9750 /* Views */ = {
			isa = PBXGroup;
			children = (
				B015FD462B893B790031EA4E /* gamePlay.swift */,
				B015FD442B893B690031EA4E /* questionCreator.swift */,
				13B912832B89901900F0CBF0 /* questions_resource */,
				E8041ED02B7AF462007D9750 /* ContentView.swift */,
				B015FD522B8C1E880031EA4E /* LinkViewToTree.swift */,
				E880F24B2BB26385005C61F7 /* InfiniteTrivia.swift */,
				13ECB1292BBC6FA200963879 /* ThemesView.swift */,
				13ECB12B2BBC700300963879 /* InstructionsView.swift */,
			);
			name = Views;
			sourceTree = "<group>";
		};
		E8041EBF2B76F2A5007D9750 /* Models  */ = {
			isa = PBXGroup;
			children = (
				E8041EC22B76F2E6007D9750 /* AnswerModel.swift */,
				E8B77B572BAA16C300CDFDFE /* H2H Trivia Manager.swift */,
				E8B77B592BAA16EA00CDFDFE /* H2H Trivia .swift */,
			);
			path = "Models ";
			sourceTree = "<group>";
		};
		E8A3F0302B72DE7D00ACA7C7 = {
			isa = PBXGroup;
			children = (
				E8A3F03B2B72DE7D00ACA7C7 /* IOS */,
				E8A3F04E2B72DE7E00ACA7C7 /* IOSTests */,
				E8A3F0582B72DE7E00ACA7C7 /* IOSUITests */,
				E8A3F03A2B72DE7D00ACA7C7 /* Products */,
			);
			sourceTree = "<group>";
		};
		E8A3F03A2B72DE7D00ACA7C7 /* Products */ = {
			isa = PBXGroup;
			children = (
				E8A3F0392B72DE7D00ACA7C7 /* TriviYeah!.app */,
				E8A3F04B2B72DE7E00ACA7C7 /* TriviYeah!Tests.xctest */,
				E8A3F0552B72DE7E00ACA7C7 /* TriviYeah!UITests.xctest */,
			);
			name = Products;
			sourceTree = "<group>";
		};
		E8A3F03B2B72DE7D00ACA7C7 /* IOS */ = {
			isa = PBXGroup;
			children = (
				E8041EBF2B76F2A5007D9750 /* Models  */,
				E8041EB92B76E272007D9750 /* Views */,
				E8041EB62B76DF7B007D9750 /* Components  */,
				E8A3F03C2B72DE7D00ACA7C7 /* IOSApp.swift */,
				E8A3F0402B72DE7D00ACA7C7 /* Item.swift */,
				E8A3F0422B72DE7E00ACA7C7 /* Assets.xcassets */,
				E8A3F0442B72DE7E00ACA7C7 /* Preview Content */,
			);
			path = IOS;
			sourceTree = "<group>";
		};
		E8A3F0442B72DE7E00ACA7C7 /* Preview Content */ = {
			isa = PBXGroup;
			children = (
				E8A3F0452B72DE7E00ACA7C7 /* Preview Assets.xcassets */,
			);
			path = "Preview Content";
			sourceTree = "<group>";
		};
		E8A3F04E2B72DE7E00ACA7C7 /* IOSTests */ = {
			isa = PBXGroup;
			children = (
				E8A3F04F2B72DE7E00ACA7C7 /* IOSTests.swift */,
			);
			path = IOSTests;
			sourceTree = "<group>";
		};
		E8A3F0582B72DE7E00ACA7C7 /* IOSUITests */ = {
			isa = PBXGroup;
			children = (
				E8A3F0592B72DE7E00ACA7C7 /* IOSUITests.swift */,
				E8A3F05B2B72DE7E00ACA7C7 /* IOSUITestsLaunchTests.swift */,
			);
			path = IOSUITests;
			sourceTree = "<group>";
		};
/* End PBXGroup section */

/* Begin PBXNativeTarget section */
		E8A3F0382B72DE7D00ACA7C7 /* TriviYeah! */ = {
			isa = PBXNativeTarget;
			buildConfigurationList = E8A3F05F2B72DE7E00ACA7C7 /* Build configuration list for PBXNativeTarget "TriviYeah!" */;
			buildPhases = (
				E8A3F0352B72DE7D00ACA7C7 /* Sources */,
				E8A3F0362B72DE7D00ACA7C7 /* Frameworks */,
				E8A3F0372B72DE7D00ACA7C7 /* Resources */,
			);
			buildRules = (
			);
			dependencies = (
			);
			name = "TriviYeah!";
			productName = IOS;
			productReference = E8A3F0392B72DE7D00ACA7C7 /* TriviYeah!.app */;
			productType = "com.apple.product-type.application";
		};
		E8A3F04A2B72DE7E00ACA7C7 /* TriviYeah!Tests */ = {
			isa = PBXNativeTarget;
			buildConfigurationList = E8A3F0622B72DE7E00ACA7C7 /* Build configuration list for PBXNativeTarget "TriviYeah!Tests" */;
			buildPhases = (
				E8A3F0472B72DE7E00ACA7C7 /* Sources */,
				E8A3F0482B72DE7E00ACA7C7 /* Frameworks */,
				E8A3F0492B72DE7E00ACA7C7 /* Resources */,
			);
			buildRules = (
			);
			dependencies = (
				E8A3F04D2B72DE7E00ACA7C7 /* PBXTargetDependency */,
			);
			name = "TriviYeah!Tests";
			productName = IOSTests;
			productReference = E8A3F04B2B72DE7E00ACA7C7 /* TriviYeah!Tests.xctest */;
			productType = "com.apple.product-type.bundle.unit-test";
		};
		E8A3F0542B72DE7E00ACA7C7 /* TriviYeah!UITests */ = {
			isa = PBXNativeTarget;
			buildConfigurationList = E8A3F0652B72DE7E00ACA7C7 /* Build configuration list for PBXNativeTarget "TriviYeah!UITests" */;
			buildPhases = (
				E8A3F0512B72DE7E00ACA7C7 /* Sources */,
				E8A3F0522B72DE7E00ACA7C7 /* Frameworks */,
				E8A3F0532B72DE7E00ACA7C7 /* Resources */,
			);
			buildRules = (
			);
			dependencies = (
				E8A3F0572B72DE7E00ACA7C7 /* PBXTargetDependency */,
			);
			name = "TriviYeah!UITests";
			productName = IOSUITests;
			productReference = E8A3F0552B72DE7E00ACA7C7 /* TriviYeah!UITests.xctest */;
			productType = "com.apple.product-type.bundle.ui-testing";
		};
/* End PBXNativeTarget section */

/* Begin PBXProject section */
		E8A3F0312B72DE7D00ACA7C7 /* Project object */ = {
			isa = PBXProject;
			attributes = {
				BuildIndependentTargetsInParallel = 1;
				LastSwiftUpdateCheck = 1520;
				LastUpgradeCheck = 1520;
				TargetAttributes = {
					E8A3F0382B72DE7D00ACA7C7 = {
						CreatedOnToolsVersion = 15.2;
					};
					E8A3F04A2B72DE7E00ACA7C7 = {
						CreatedOnToolsVersion = 15.2;
						TestTargetID = E8A3F0382B72DE7D00ACA7C7;
					};
					E8A3F0542B72DE7E00ACA7C7 = {
						CreatedOnToolsVersion = 15.2;
						TestTargetID = E8A3F0382B72DE7D00ACA7C7;
					};
				};
			};
			buildConfigurationList = E8A3F0342B72DE7D00ACA7C7 /* Build configuration list for PBXProject "TriviYeah!" */;
			compatibilityVersion = "Xcode 14.0";
			developmentRegion = en;
			hasScannedForEncodings = 0;
			knownRegions = (
				en,
				Base,
			);
			mainGroup = E8A3F0302B72DE7D00ACA7C7;
			productRefGroup = E8A3F03A2B72DE7D00ACA7C7 /* Products */;
			projectDirPath = "";
			projectRoot = "";
			targets = (
				E8A3F0382B72DE7D00ACA7C7 /* TriviYeah! */,
				E8A3F04A2B72DE7E00ACA7C7 /* TriviYeah!Tests */,
				E8A3F0542B72DE7E00ACA7C7 /* TriviYeah!UITests */,
			);
		};
/* End PBXProject section */

/* Begin PBXResourcesBuildPhase section */
		E8A3F0372B72DE7D00ACA7C7 /* Resources */ = {
			isa = PBXResourcesBuildPhase;
			buildActionMask = 2147483647;
			files = (
				E8A3F0462B72DE7E00ACA7C7 /* Preview Assets.xcassets in Resources */,
				E8A3F0432B72DE7E00ACA7C7 /* Assets.xcassets in Resources */,
				13B912842B89901900F0CBF0 /* questions_resource in Resources */,
			);
			runOnlyForDeploymentPostprocessing = 0;
		};
		E8A3F0492B72DE7E00ACA7C7 /* Resources */ = {
			isa = PBXResourcesBuildPhase;
			buildActionMask = 2147483647;
			files = (
			);
			runOnlyForDeploymentPostprocessing = 0;
		};
		E8A3F0532B72DE7E00ACA7C7 /* Resources */ = {
			isa = PBXResourcesBuildPhase;
			buildActionMask = 2147483647;
			files = (
			);
			runOnlyForDeploymentPostprocessing = 0;
		};
/* End PBXResourcesBuildPhase section */

/* Begin PBXSourcesBuildPhase section */
		E8A3F0352B72DE7D00ACA7C7 /* Sources */ = {
			isa = PBXSourcesBuildPhase;
			buildActionMask = 2147483647;
			files = (
				E880F24C2BB26385005C61F7 /* InfiniteTrivia.swift in Sources */,
				13ECB12C2BBC700300963879 /* InstructionsView.swift in Sources */,
				E8A3F0412B72DE7D00ACA7C7 /* Item.swift in Sources */,
				E8B77B5A2BAA16EA00CDFDFE /* H2H Trivia .swift in Sources */,
				B015FD472B893B790031EA4E /* gamePlay.swift in Sources */,
				13ECB12A2BBC6FA200963879 /* ThemesView.swift in Sources */,
				E8041ED12B7AF462007D9750 /* ContentView.swift in Sources */,
				B015FD452B893B690031EA4E /* questionCreator.swift in Sources */,
				E8041EC32B76F2E6007D9750 /* AnswerModel.swift in Sources */,
				E8041EC52B76F368007D9750 /* AnswerRow .swift in Sources */,
				E8041EB82B76DFC6007D9750 /* PrimeButton .swift in Sources */,
				B015FD532B8C1E880031EA4E /* LinkViewToTree.swift in Sources */,
				E8041EBD2B76EAC5007D9750 /* ProgressBar.swift in Sources */,
				E8B77B582BAA16C300CDFDFE /* H2H Trivia Manager.swift in Sources */,
				E8A3F03D2B72DE7D00ACA7C7 /* IOSApp.swift in Sources */,
			);
			runOnlyForDeploymentPostprocessing = 0;
		};
		E8A3F0472B72DE7E00ACA7C7 /* Sources */ = {
			isa = PBXSourcesBuildPhase;
			buildActionMask = 2147483647;
			files = (
				E880F2492BB26245005C61F7 /* IOSTests.swift in Sources */,
			);
			runOnlyForDeploymentPostprocessing = 0;
		};
		E8A3F0512B72DE7E00ACA7C7 /* Sources */ = {
			isa = PBXSourcesBuildPhase;
			buildActionMask = 2147483647;
			files = (
				E8A3F05C2B72DE7E00ACA7C7 /* IOSUITestsLaunchTests.swift in Sources */,
				E8A3F05A2B72DE7E00ACA7C7 /* IOSUITests.swift in Sources */,
			);
			runOnlyForDeploymentPostprocessing = 0;
		};
/* End PBXSourcesBuildPhase section */

/* Begin PBXTargetDependency section */
		E8A3F04D2B72DE7E00ACA7C7 /* PBXTargetDependency */ = {
			isa = PBXTargetDependency;
			target = E8A3F0382B72DE7D00ACA7C7 /* TriviYeah! */;
			targetProxy = E8A3F04C2B72DE7E00ACA7C7 /* PBXContainerItemProxy */;
		};
		E8A3F0572B72DE7E00ACA7C7 /* PBXTargetDependency */ = {
			isa = PBXTargetDependency;
			target = E8A3F0382B72DE7D00ACA7C7 /* TriviYeah! */;
			targetProxy = E8A3F0562B72DE7E00ACA7C7 /* PBXContainerItemProxy */;
		};
/* End PBXTargetDependency section */

/* Begin XCBuildConfiguration section */
		E8A3F05D2B72DE7E00ACA7C7 /* Debug */ = {
			isa = XCBuildConfiguration;
			buildSettings = {
				ALWAYS_SEARCH_USER_PATHS = NO;
				ASSETCATALOG_COMPILER_GENERATE_SWIFT_ASSET_SYMBOL_EXTENSIONS = YES;
				CLANG_ANALYZER_NONNULL = YES;
				CLANG_ANALYZER_NUMBER_OBJECT_CONVERSION = YES_AGGRESSIVE;
				CLANG_CXX_LANGUAGE_STANDARD = "gnu++20";
				CLANG_ENABLE_MODULES = YES;
				CLANG_ENABLE_OBJC_ARC = YES;
				CLANG_ENABLE_OBJC_WEAK = YES;
				CLANG_WARN_BLOCK_CAPTURE_AUTORELEASING = YES;
				CLANG_WARN_BOOL_CONVERSION = YES;
				CLANG_WARN_COMMA = YES;
				CLANG_WARN_CONSTANT_CONVERSION = YES;
				CLANG_WARN_DEPRECATED_OBJC_IMPLEMENTATIONS = YES;
				CLANG_WARN_DIRECT_OBJC_ISA_USAGE = YES_ERROR;
				CLANG_WARN_DOCUMENTATION_COMMENTS = YES;
				CLANG_WARN_EMPTY_BODY = YES;
				CLANG_WARN_ENUM_CONVERSION = YES;
				CLANG_WARN_INFINITE_RECURSION = YES;
				CLANG_WARN_INT_CONVERSION = YES;
				CLANG_WARN_NON_LITERAL_NULL_CONVERSION = YES;
				CLANG_WARN_OBJC_IMPLICIT_RETAIN_SELF = YES;
				CLANG_WARN_OBJC_LITERAL_CONVERSION = YES;
				CLANG_WARN_OBJC_ROOT_CLASS = YES_ERROR;
				CLANG_WARN_QUOTED_INCLUDE_IN_FRAMEWORK_HEADER = YES;
				CLANG_WARN_RANGE_LOOP_ANALYSIS = YES;
				CLANG_WARN_STRICT_PROTOTYPES = YES;
				CLANG_WARN_SUSPICIOUS_MOVE = YES;
				CLANG_WARN_UNGUARDED_AVAILABILITY = YES_AGGRESSIVE;
				CLANG_WARN_UNREACHABLE_CODE = YES;
				CLANG_WARN__DUPLICATE_METHOD_MATCH = YES;
				COPY_PHASE_STRIP = NO;
				DEBUG_INFORMATION_FORMAT = dwarf;
				ENABLE_STRICT_OBJC_MSGSEND = YES;
				ENABLE_TESTABILITY = YES;
				ENABLE_USER_SCRIPT_SANDBOXING = YES;
				GCC_C_LANGUAGE_STANDARD = gnu17;
				GCC_DYNAMIC_NO_PIC = NO;
				GCC_NO_COMMON_BLOCKS = YES;
				GCC_OPTIMIZATION_LEVEL = 0;
				GCC_PREPROCESSOR_DEFINITIONS = (
					"DEBUG=1",
					"$(inherited)",
				);
				GCC_WARN_64_TO_32_BIT_CONVERSION = YES;
				GCC_WARN_ABOUT_RETURN_TYPE = YES_ERROR;
				GCC_WARN_UNDECLARED_SELECTOR = YES;
				GCC_WARN_UNINITIALIZED_AUTOS = YES_AGGRESSIVE;
				GCC_WARN_UNUSED_FUNCTION = YES;
				GCC_WARN_UNUSED_VARIABLE = YES;
				IPHONEOS_DEPLOYMENT_TARGET = 17.2;
				LOCALIZATION_PREFERS_STRING_CATALOGS = YES;
				MTL_ENABLE_DEBUG_INFO = INCLUDE_SOURCE;
				MTL_FAST_MATH = YES;
				ONLY_ACTIVE_ARCH = YES;
				SDKROOT = iphoneos;
				SWIFT_ACTIVE_COMPILATION_CONDITIONS = "DEBUG $(inherited)";
				SWIFT_OPTIMIZATION_LEVEL = "-Onone";
			};
			name = Debug;
		};
		E8A3F05E2B72DE7E00ACA7C7 /* Release */ = {
			isa = XCBuildConfiguration;
			buildSettings = {
				ALWAYS_SEARCH_USER_PATHS = NO;
				ASSETCATALOG_COMPILER_GENERATE_SWIFT_ASSET_SYMBOL_EXTENSIONS = YES;
				CLANG_ANALYZER_NONNULL = YES;
				CLANG_ANALYZER_NUMBER_OBJECT_CONVERSION = YES_AGGRESSIVE;
				CLANG_CXX_LANGUAGE_STANDARD = "gnu++20";
				CLANG_ENABLE_MODULES = YES;
				CLANG_ENABLE_OBJC_ARC = YES;
				CLANG_ENABLE_OBJC_WEAK = YES;
				CLANG_WARN_BLOCK_CAPTURE_AUTORELEASING = YES;
				CLANG_WARN_BOOL_CONVERSION = YES;
				CLANG_WARN_COMMA = YES;
				CLANG_WARN_CONSTANT_CONVERSION = YES;
				CLANG_WARN_DEPRECATED_OBJC_IMPLEMENTATIONS = YES;
				CLANG_WARN_DIRECT_OBJC_ISA_USAGE = YES_ERROR;
				CLANG_WARN_DOCUMENTATION_COMMENTS = YES;
				CLANG_WARN_EMPTY_BODY = YES;
				CLANG_WARN_ENUM_CONVERSION = YES;
				CLANG_WARN_INFINITE_RECURSION = YES;
				CLANG_WARN_INT_CONVERSION = YES;
				CLANG_WARN_NON_LITERAL_NULL_CONVERSION = YES;
				CLANG_WARN_OBJC_IMPLICIT_RETAIN_SELF = YES;
				CLANG_WARN_OBJC_LITERAL_CONVERSION = YES;
				CLANG_WARN_OBJC_ROOT_CLASS = YES_ERROR;
				CLANG_WARN_QUOTED_INCLUDE_IN_FRAMEWORK_HEADER = YES;
				CLANG_WARN_RANGE_LOOP_ANALYSIS = YES;
				CLANG_WARN_STRICT_PROTOTYPES = YES;
				CLANG_WARN_SUSPICIOUS_MOVE = YES;
				CLANG_WARN_UNGUARDED_AVAILABILITY = YES_AGGRESSIVE;
				CLANG_WARN_UNREACHABLE_CODE = YES;
				CLANG_WARN__DUPLICATE_METHOD_MATCH = YES;
				COPY_PHASE_STRIP = NO;
				DEBUG_INFORMATION_FORMAT = "dwarf-with-dsym";
				ENABLE_NS_ASSERTIONS = NO;
				ENABLE_STRICT_OBJC_MSGSEND = YES;
				ENABLE_USER_SCRIPT_SANDBOXING = YES;
				GCC_C_LANGUAGE_STANDARD = gnu17;
				GCC_NO_COMMON_BLOCKS = YES;
				GCC_WARN_64_TO_32_BIT_CONVERSION = YES;
				GCC_WARN_ABOUT_RETURN_TYPE = YES_ERROR;
				GCC_WARN_UNDECLARED_SELECTOR = YES;
				GCC_WARN_UNINITIALIZED_AUTOS = YES_AGGRESSIVE;
				GCC_WARN_UNUSED_FUNCTION = YES;
				GCC_WARN_UNUSED_VARIABLE = YES;
				IPHONEOS_DEPLOYMENT_TARGET = 17.2;
				LOCALIZATION_PREFERS_STRING_CATALOGS = YES;
				MTL_ENABLE_DEBUG_INFO = NO;
				MTL_FAST_MATH = YES;
				SDKROOT = iphoneos;
				SWIFT_COMPILATION_MODE = wholemodule;
				VALIDATE_PRODUCT = YES;
			};
			name = Release;
		};
		E8A3F0602B72DE7E00ACA7C7 /* Debug */ = {
			isa = XCBuildConfiguration;
			buildSettings = {
				ASSETCATALOG_COMPILER_APPICON_NAME = AppIcon;
				ASSETCATALOG_COMPILER_GLOBAL_ACCENT_COLOR_NAME = AccentColor;
				CODE_SIGN_STYLE = Automatic;
				CURRENT_PROJECT_VERSION = 1;
				DEVELOPMENT_ASSET_PATHS = "\"IOS/Preview Content\"";
				DEVELOPMENT_TEAM = 93CLKDVQ9X;
				ENABLE_PREVIEWS = YES;
				GENERATE_INFOPLIST_FILE = YES;
				INFOPLIST_KEY_UIApplicationSceneManifest_Generation = YES;
				INFOPLIST_KEY_UIApplicationSupportsIndirectInputEvents = YES;
				INFOPLIST_KEY_UILaunchScreen_Generation = YES;
				INFOPLIST_KEY_UISupportedInterfaceOrientations_iPad = "UIInterfaceOrientationPortrait UIInterfaceOrientationPortraitUpsideDown UIInterfaceOrientationLandscapeLeft UIInterfaceOrientationLandscapeRight";
				INFOPLIST_KEY_UISupportedInterfaceOrientations_iPhone = "UIInterfaceOrientationPortrait UIInterfaceOrientationLandscapeLeft UIInterfaceOrientationLandscapeRight";
				LD_RUNPATH_SEARCH_PATHS = (
					"$(inherited)",
					"@executable_path/Frameworks",
				);
				MARKETING_VERSION = 1.0;
				PRODUCT_BUNDLE_IDENTIFIER = Things.IOS;
				PRODUCT_NAME = "$(TARGET_NAME)";
				SWIFT_EMIT_LOC_STRINGS = YES;
				SWIFT_VERSION = 5.0;
				TARGETED_DEVICE_FAMILY = "1,2";
			};
			name = Debug;
		};
		E8A3F0612B72DE7E00ACA7C7 /* Release */ = {
			isa = XCBuildConfiguration;
			buildSettings = {
				ASSETCATALOG_COMPILER_APPICON_NAME = AppIcon;
				ASSETCATALOG_COMPILER_GLOBAL_ACCENT_COLOR_NAME = AccentColor;
				CODE_SIGN_STYLE = Automatic;
				CURRENT_PROJECT_VERSION = 1;
				DEVELOPMENT_ASSET_PATHS = "\"IOS/Preview Content\"";
				DEVELOPMENT_TEAM = 93CLKDVQ9X;
				ENABLE_PREVIEWS = YES;
				GENERATE_INFOPLIST_FILE = YES;
				INFOPLIST_KEY_UIApplicationSceneManifest_Generation = YES;
				INFOPLIST_KEY_UIApplicationSupportsIndirectInputEvents = YES;
				INFOPLIST_KEY_UILaunchScreen_Generation = YES;
				INFOPLIST_KEY_UISupportedInterfaceOrientations_iPad = "UIInterfaceOrientationPortrait UIInterfaceOrientationPortraitUpsideDown UIInterfaceOrientationLandscapeLeft UIInterfaceOrientationLandscapeRight";
				INFOPLIST_KEY_UISupportedInterfaceOrientations_iPhone = "UIInterfaceOrientationPortrait UIInterfaceOrientationLandscapeLeft UIInterfaceOrientationLandscapeRight";
				LD_RUNPATH_SEARCH_PATHS = (
					"$(inherited)",
					"@executable_path/Frameworks",
				);
				MARKETING_VERSION = 1.0;
				PRODUCT_BUNDLE_IDENTIFIER = Things.IOS;
				PRODUCT_NAME = "$(TARGET_NAME)";
				SWIFT_EMIT_LOC_STRINGS = YES;
				SWIFT_VERSION = 5.0;
				TARGETED_DEVICE_FAMILY = "1,2";
			};
			name = Release;
		};
		E8A3F0632B72DE7E00ACA7C7 /* Debug */ = {
			isa = XCBuildConfiguration;
			buildSettings = {
				ALWAYS_EMBED_SWIFT_STANDARD_LIBRARIES = YES;
				BUNDLE_LOADER = "$(TEST_HOST)";
				CODE_SIGN_STYLE = Automatic;
				CURRENT_PROJECT_VERSION = 1;
				GENERATE_INFOPLIST_FILE = YES;
				IPHONEOS_DEPLOYMENT_TARGET = 17.2;
				MARKETING_VERSION = 1.0;
				PRODUCT_BUNDLE_IDENTIFIER = Things.IOSTests;
				PRODUCT_NAME = "$(TARGET_NAME)";
				SWIFT_EMIT_LOC_STRINGS = NO;
				SWIFT_VERSION = 5.0;
				TARGETED_DEVICE_FAMILY = "1,2";
				TEST_HOST = "$(BUILT_PRODUCTS_DIR)/TriviYeah!.app/$(BUNDLE_EXECUTABLE_FOLDER_PATH)/TriviYeah!";
			};
			name = Debug;
		};
		E8A3F0642B72DE7E00ACA7C7 /* Release */ = {
			isa = XCBuildConfiguration;
			buildSettings = {
				ALWAYS_EMBED_SWIFT_STANDARD_LIBRARIES = YES;
				BUNDLE_LOADER = "$(TEST_HOST)";
				CODE_SIGN_STYLE = Automatic;
				CURRENT_PROJECT_VERSION = 1;
				GENERATE_INFOPLIST_FILE = YES;
				IPHONEOS_DEPLOYMENT_TARGET = 17.2;
				MARKETING_VERSION = 1.0;
				PRODUCT_BUNDLE_IDENTIFIER = Things.IOSTests;
				PRODUCT_NAME = "$(TARGET_NAME)";
				SWIFT_EMIT_LOC_STRINGS = NO;
				SWIFT_VERSION = 5.0;
				TARGETED_DEVICE_FAMILY = "1,2";
				TEST_HOST = "$(BUILT_PRODUCTS_DIR)/TriviYeah!.app/$(BUNDLE_EXECUTABLE_FOLDER_PATH)/TriviYeah!";
			};
			name = Release;
		};
		E8A3F0662B72DE7E00ACA7C7 /* Debug */ = {
			isa = XCBuildConfiguration;
			buildSettings = {
				ALWAYS_EMBED_SWIFT_STANDARD_LIBRARIES = YES;
				CODE_SIGN_STYLE = Automatic;
				CURRENT_PROJECT_VERSION = 1;
				GENERATE_INFOPLIST_FILE = YES;
				MARKETING_VERSION = 1.0;
				PRODUCT_BUNDLE_IDENTIFIER = Things.IOSUITests;
				PRODUCT_NAME = "$(TARGET_NAME)";
				SWIFT_EMIT_LOC_STRINGS = NO;
				SWIFT_VERSION = 5.0;
				TARGETED_DEVICE_FAMILY = "1,2";
				TEST_TARGET_NAME = IOS;
			};
			name = Debug;
		};
		E8A3F0672B72DE7E00ACA7C7 /* Release */ = {
			isa = XCBuildConfiguration;
			buildSettings = {
				ALWAYS_EMBED_SWIFT_STANDARD_LIBRARIES = YES;
				CODE_SIGN_STYLE = Automatic;
				CURRENT_PROJECT_VERSION = 1;
				GENERATE_INFOPLIST_FILE = YES;
				MARKETING_VERSION = 1.0;
				PRODUCT_BUNDLE_IDENTIFIER = Things.IOSUITests;
				PRODUCT_NAME = "$(TARGET_NAME)";
				SWIFT_EMIT_LOC_STRINGS = NO;
				SWIFT_VERSION = 5.0;
				TARGETED_DEVICE_FAMILY = "1,2";
				TEST_TARGET_NAME = IOS;
			};
			name = Release;
		};
/* End XCBuildConfiguration section */

/* Begin XCConfigurationList section */
		E8A3F0342B72DE7D00ACA7C7 /* Build configuration list for PBXProject "TriviYeah!" */ = {
			isa = XCConfigurationList;
			buildConfigurations = (
				E8A3F05D2B72DE7E00ACA7C7 /* Debug */,
				E8A3F05E2B72DE7E00ACA7C7 /* Release */,
			);
			defaultConfigurationIsVisible = 0;
			defaultConfigurationName = Release;
		};
		E8A3F05F2B72DE7E00ACA7C7 /* Build configuration list for PBXNativeTarget "TriviYeah!" */ = {
			isa = XCConfigurationList;
			buildConfigurations = (
				E8A3F0602B72DE7E00ACA7C7 /* Debug */,
				E8A3F0612B72DE7E00ACA7C7 /* Release */,
			);
			defaultConfigurationIsVisible = 0;
			defaultConfigurationName = Release;
		};
		E8A3F0622B72DE7E00ACA7C7 /* Build configuration list for PBXNativeTarget "TriviYeah!Tests" */ = {
			isa = XCConfigurationList;
			buildConfigurations = (
				E8A3F0632B72DE7E00ACA7C7 /* Debug */,
				E8A3F0642B72DE7E00ACA7C7 /* Release */,
			);
			defaultConfigurationIsVisible = 0;
			defaultConfigurationName = Release;
		};
		E8A3F0652B72DE7E00ACA7C7 /* Build configuration list for PBXNativeTarget "TriviYeah!UITests" */ = {
			isa = XCConfigurationList;
			buildConfigurations = (
				E8A3F0662B72DE7E00ACA7C7 /* Debug */,
				E8A3F0672B72DE7E00ACA7C7 /* Release */,
			);
			defaultConfigurationIsVisible = 0;
			defaultConfigurationName = Release;
		};
/* End XCConfigurationList section */
	};
	rootObject = E8A3F0312B72DE7D00ACA7C7 /* Project object */;
}
